
Microsoft Visual Studio Solution File, Format Version 12.00
# Visual Studio Version 17
VisualStudioVersion = 17.14.36717.8
MinimumVisualStudioVersion = 10.0.40219.1
Project("{2150E333-8FDC-42A3-9474-1A3956D46DE8}") = "Task0", "Task0", "{02EA681E-C7D8-13C7-8484-4AC65E1B71E8}"
EndProject
Project("{FAE04EC0-301F-11D3-BF4B-00C04F79EFBC}") = "Tyuiu.SherenkovIR.Sprint6.Task0.V16.Lib", "Tyuiu.SherenkovIR.Sprint6.Task0.V16.Lib\Tyuiu.SherenkovIR.Sprint6.Task0.V16.Lib.csproj", "{C8895923-2C8A-4729-B501-420D892A5F9C}"
EndProject
Project("{FAE04EC0-301F-11D3-BF4B-00C04F79EFBC}") = "Tyuiu.SherenkovIR.Sprint6.Task0.V16.Test", "Tyuiu.SherenkovIR.Sprint6.Task0.V16.Test\Tyuiu.SherenkovIR.Sprint6.Task0.V16.Test.csproj", "{1E2FEEA9-1231-4012-881F-920BDFBB9A29}"
EndProject
Project("{FAE04EC0-301F-11D3-BF4B-00C04F79EFBC}") = "Tyuiu.SherenkovIR.Sprint6.Task0.V16", "Tyuiu.SherenkovIR.Sprint6.Task0.V16\Tyuiu.SherenkovIR.Sprint6.Task0.V16.csproj", "{BB4A5A01-B8DD-4F29-8796-75D7B7680DF9}"
EndProject
Project("{2150E333-8FDC-42A3-9474-1A3956D46DE8}") = "Task1", "Task1", "{3E5BA859-7125-4D94-889E-4B9396B52C96}"
EndProject
Project("{FAE04EC0-301F-11D3-BF4B-00C04F79EFBC}") = "Tyuiu.SherenkovIR.Sprint6.Task1.V3.Test", "Tyuiu.SherenkovIR.Sprint6.Task1.V3.Test\Tyuiu.SherenkovIR.Sprint6.Task1.V3.Test.csproj", "{186F26CE-3305-4B70-918F-7C4EFCD36D7C}"
EndProject
Project("{FAE04EC0-301F-11D3-BF4B-00C04F79EFBC}") = "Tyuiu.SherenkovIR.Sprint6.Task1.V3.Lib", "Tyuiu.SherenkovIR.Sprint6.Task1.V3.Lib\Tyuiu.SherenkovIR.Sprint6.Task1.V3.Lib.csproj", "{D719A993-3EC8-4245-9AA0-32D4C688D5EF}"
EndProject
Project("{FAE04EC0-301F-11D3-BF4B-00C04F79EFBC}") = "Tyuiu.SherenkovIR.Sprint6.Task1.V3", "Tyuiu.SherenkovIR.Sprint6.Task1.V3\Tyuiu.SherenkovIR.Sprint6.Task1.V3.csproj", "{06A725CB-30E7-44F5-87A0-E963E648D5A5}"
EndProject
Project("{2150E333-8FDC-42A3-9474-1A3956D46DE8}") = "Task2", "Task2", "{DB9CFE0D-17F4-4FE8-A75A-798C69328460}"
EndProject
Project("{FAE04EC0-301F-11D3-BF4B-00C04F79EFBC}") = "Tyuiu.SherenkovIR.Sprint6.Task2.V6", "Tyuiu.SherenkovIR.Sprint6.Task2.V6\Tyuiu.SherenkovIR.Sprint6.Task2.V6.csproj", "{1037FC10-8518-41B9-A30D-BBD518372C5E}"
EndProject
Project("{FAE04EC0-301F-11D3-BF4B-00C04F79EFBC}") = "Tyuiu.SherenkovIR.Sprint6.Task2.V6.Lib", "Tyuiu.SherenkovIR.Sprint6.Task2.V6.Lib\Tyuiu.SherenkovIR.Sprint6.Task2.V6.Lib.csproj", "{A52A213B-A1F3-4034-BEEE-5A67804B9421}"
EndProject
Project("{FAE04EC0-301F-11D3-BF4B-00C04F79EFBC}") = "Tyuiu.SherenkovIR.Sprint6.Task2.V6.Test", "Tyuiu.SherenkovIR.Sprint6.Task2.V6.Test\Tyuiu.SherenkovIR.Sprint6.Task2.V6.Test.csproj", "{52E095C0-995A-4B37-836F-8FCA83BB4CD6}"
EndProject
Project("{2150E333-8FDC-42A3-9474-1A3956D46DE8}") = "Task3", "Task3", "{208270E1-E435-4B4B-A459-29CE349740CD}"
EndProject
Project("{FAE04EC0-301F-11D3-BF4B-00C04F79EFBC}") = "Tyuiu.SherenkovIR.Sprint6.Task3.V6", "Tyuiu.SherenkovIR.Sprint6.Task3.V6\Tyuiu.SherenkovIR.Sprint6.Task3.V6.csproj", "{8A99E38F-08F7-45BA-A00C-FEDF6600B440}"
EndProject
Project("{FAE04EC0-301F-11D3-BF4B-00C04F79EFBC}") = "Tyuiu.SherenkovIR.Sprint6.Task3.V6.Lib", "Tyuiu.SherenkovIR.Sprint6.Task3.V6.Lib\Tyuiu.SherenkovIR.Sprint6.Task3.V6.Lib.csproj", "{4D8E6E69-71A5-4C67-953F-9D92E7C17C7F}"
EndProject
Project("{FAE04EC0-301F-11D3-BF4B-00C04F79EFBC}") = "Tyuiu.SherenkovIR.Sprint6.Task3.V6.Test", "Tyuiu.SherenkovIR.Sprint6.Task3.V6.Test\Tyuiu.SherenkovIR.Sprint6.Task3.V6.Test.csproj", "{032A6DC8-5ED8-4D8D-B1AC-7059A8E4A926}"
EndProject
Project("{2150E333-8FDC-42A3-9474-1A3956D46DE8}") = "Task4", "Task4", "{7828F074-8BA2-4FD6-A558-FB08B69F300B}"
EndProject
Project("{FAE04EC0-301F-11D3-BF4B-00C04F79EFBC}") = "Tyuiu.SherenkovIR.Sprint6.Task4.V9", "Tyuiu.SherenkovIR.Sprint6.Task4.V9\Tyuiu.SherenkovIR.Sprint6.Task4.V9.csproj", "{D325B234-8816-4421-BDCB-27C42701CCF8}"
EndProject
Project("{FAE04EC0-301F-11D3-BF4B-00C04F79EFBC}") = "Tyuiu.SherenkovIR.Sprint6.Task4.V9.Lib", "Tyuiu.SherenkovIR.Sprint6.Task4.V9.Lib\Tyuiu.SherenkovIR.Sprint6.Task4.V9.Lib.csproj", "{8EFB6B62-B364-4BE1-A552-BDA689CA5325}"
EndProject
Project("{FAE04EC0-301F-11D3-BF4B-00C04F79EFBC}") = "Tyuiu.SherenkovIR.Sprint6.Task4.V9.Test", "Tyuiu.SherenkovIR.Sprint6.Task4.V9.Test\Tyuiu.SherenkovIR.Sprint6.Task4.V9.Test.csproj", "{6E79071B-482F-4B84-9E4B-867BDF089512}"
EndProject
Project("{2150E333-8FDC-42A3-9474-1A3956D46DE8}") = "Task5", "Task5", "{DEB1CB88-579E-4B80-875D-08EEBCCC326F}"
EndProject
Project("{FAE04EC0-301F-11D3-BF4B-00C04F79EFBC}") = "Tyuiu.SherenkovIR.Sprint6.Task5.V13", "Tyuiu.SherenkovIR.Sprint6.Task5.V13\Tyuiu.SherenkovIR.Sprint6.Task5.V13.csproj", "{EA2DB663-18A0-4E4E-8F9E-462202530A38}"
EndProject
Project("{FAE04EC0-301F-11D3-BF4B-00C04F79EFBC}") = "Tyuiu.SherenkovIR.Sprint6.Task5.V13.Lib", "Tyuiu.SherenkovIR.Sprint6.Task5.V13.Lib\Tyuiu.SherenkovIR.Sprint6.Task5.V13.Lib.csproj", "{15E70543-97FC-412F-ABA7-D8D2B30AC2BF}"
EndProject
Project("{FAE04EC0-301F-11D3-BF4B-00C04F79EFBC}") = "Tyuiu.SherenkovIR.Sprint6.Task5.V13.Test", "Tyuiu.SherenkovIR.Sprint6.Task5.V13.Test\Tyuiu.SherenkovIR.Sprint6.Task5.V13.Test.csproj", "{DC3DDEF7-678A-4751-9277-FD36F679C0BC}"
EndProject
Project("{2150E333-8FDC-42A3-9474-1A3956D46DE8}") = "Task6", "Task6", "{05A8EA81-7F6B-4D93-B069-DFF111874044}"
EndProject
Project("{FAE04EC0-301F-11D3-BF4B-00C04F79EFBC}") = "Tyuiu.SherenkovIR.Sprint6.Task6.V22", "Tyuiu.SherenkovIR.Sprint6.Task6.V22\Tyuiu.SherenkovIR.Sprint6.Task6.V22.csproj", "{0535E328-B36C-41E8-B9B3-685540AC014F}"
EndProject
Project("{FAE04EC0-301F-11D3-BF4B-00C04F79EFBC}") = "Tyuiu.SherenkovIR.Sprint6.Task6.V22.Lib", "Tyuiu.SherenkovIR.Sprint6.Task6.V22.Lib\Tyuiu.SherenkovIR.Sprint6.Task6.V22.Lib.csproj", "{3746E531-F037-4D11-8894-4E692FD2BC9C}"
EndProject
Project("{FAE04EC0-301F-11D3-BF4B-00C04F79EFBC}") = "Tyuiu.SherenkovIR.Sprint6.Task6.V22.Test", "Tyuiu.SherenkovIR.Sprint6.Task6.V22.Test\Tyuiu.SherenkovIR.Sprint6.Task6.V22.Test.csproj", "{706F5A21-6C39-4652-9296-9B2C5E79DD3F}"
EndProject
Project("{2150E333-8FDC-42A3-9474-1A3956D46DE8}") = "Task7", "Task7", "{D30D981F-BD12-428A-A940-29ECDD29AD0B}"
EndProject
Project("{FAE04EC0-301F-11D3-BF4B-00C04F79EFBC}") = "Tyuiu.SherenkovIR.Sprint6.Task7.V19", "Tyuiu.SherenkovIR.Sprint6.Task7.V19\Tyuiu.SherenkovIR.Sprint6.Task7.V19.csproj", "{A4F8ECA5-2304-4371-A6F7-5FCAB9DDA560}"
EndProject
Project("{FAE04EC0-301F-11D3-BF4B-00C04F79EFBC}") = "Tyuiu.SherenkovIR.Sprint6.Task7.V19.Test", "Tyuiu.SherenkovIR.Sprint6.Task7.V19.Test\Tyuiu.SherenkovIR.Sprint6.Task7.V19.Test.csproj", "{8CFDFEB7-96EC-4AE4-8AA3-8A01B85661A4}"
EndProject
Project("{FAE04EC0-301F-11D3-BF4B-00C04F79EFBC}") = "Tyuiu.SherenkovIR.Sprint6.Task7.V19.Lib", "Tyuiu.SherenkovIR.Sprint6.Task7.V19.Lib\Tyuiu.SherenkovIR.Sprint6.Task7.V19.Lib.csproj", "{67C54ECB-5926-4153-8A3E-858790FCE067}"
EndProject
Global
	GlobalSection(SolutionConfigurationPlatforms) = preSolution
		Debug|Any CPU = Debug|Any CPU
		Release|Any CPU = Release|Any CPU
	EndGlobalSection
	GlobalSection(ProjectConfigurationPlatforms) = postSolution
		{C8895923-2C8A-4729-B501-420D892A5F9C}.Debug|Any CPU.ActiveCfg = Debug|Any CPU
		{C8895923-2C8A-4729-B501-420D892A5F9C}.Debug|Any CPU.Build.0 = Debug|Any CPU
		{C8895923-2C8A-4729-B501-420D892A5F9C}.Release|Any CPU.ActiveCfg = Release|Any CPU
		{C8895923-2C8A-4729-B501-420D892A5F9C}.Release|Any CPU.Build.0 = Release|Any CPU
		{1E2FEEA9-1231-4012-881F-920BDFBB9A29}.Debug|Any CPU.ActiveCfg = Debug|Any CPU
		{1E2FEEA9-1231-4012-881F-920BDFBB9A29}.Debug|Any CPU.Build.0 = Debug|Any CPU
		{1E2FEEA9-1231-4012-881F-920BDFBB9A29}.Release|Any CPU.ActiveCfg = Release|Any CPU
		{1E2FEEA9-1231-4012-881F-920BDFBB9A29}.Release|Any CPU.Build.0 = Release|Any CPU
		{BB4A5A01-B8DD-4F29-8796-75D7B7680DF9}.Debug|Any CPU.ActiveCfg = Debug|Any CPU
		{BB4A5A01-B8DD-4F29-8796-75D7B7680DF9}.Debug|Any CPU.Build.0 = Debug|Any CPU
		{BB4A5A01-B8DD-4F29-8796-75D7B7680DF9}.Release|Any CPU.ActiveCfg = Release|Any CPU
		{BB4A5A01-B8DD-4F29-8796-75D7B7680DF9}.Release|Any CPU.Build.0 = Release|Any CPU
		{186F26CE-3305-4B70-918F-7C4EFCD36D7C}.Debug|Any CPU.ActiveCfg = Debug|Any CPU
		{186F26CE-3305-4B70-918F-7C4EFCD36D7C}.Debug|Any CPU.Build.0 = Debug|Any CPU
		{186F26CE-3305-4B70-918F-7C4EFCD36D7C}.Release|Any CPU.ActiveCfg = Release|Any CPU
		{186F26CE-3305-4B70-918F-7C4EFCD36D7C}.Release|Any CPU.Build.0 = Release|Any CPU
		{D719A993-3EC8-4245-9AA0-32D4C688D5EF}.Debug|Any CPU.ActiveCfg = Debug|Any CPU
		{D719A993-3EC8-4245-9AA0-32D4C688D5EF}.Debug|Any CPU.Build.0 = Debug|Any CPU
		{D719A993-3EC8-4245-9AA0-32D4C688D5EF}.Release|Any CPU.ActiveCfg = Release|Any CPU
		{D719A993-3EC8-4245-9AA0-32D4C688D5EF}.Release|Any CPU.Build.0 = Release|Any CPU
		{06A725CB-30E7-44F5-87A0-E963E648D5A5}.Debug|Any CPU.ActiveCfg = Debug|Any CPU
		{06A725CB-30E7-44F5-87A0-E963E648D5A5}.Debug|Any CPU.Build.0 = Debug|Any CPU
		{06A725CB-30E7-44F5-87A0-E963E648D5A5}.Release|Any CPU.ActiveCfg = Release|Any CPU
		{06A725CB-30E7-44F5-87A0-E963E648D5A5}.Release|Any CPU.Build.0 = Release|Any CPU
		{1037FC10-8518-41B9-A30D-BBD518372C5E}.Debug|Any CPU.ActiveCfg = Debug|Any CPU
		{1037FC10-8518-41B9-A30D-BBD518372C5E}.Debug|Any CPU.Build.0 = Debug|Any CPU
		{1037FC10-8518-41B9-A30D-BBD518372C5E}.Release|Any CPU.ActiveCfg = Release|Any CPU
		{1037FC10-8518-41B9-A30D-BBD518372C5E}.Release|Any CPU.Build.0 = Release|Any CPU
		{A52A213B-A1F3-4034-BEEE-5A67804B9421}.Debug|Any CPU.ActiveCfg = Debug|Any CPU
		{A52A213B-A1F3-4034-BEEE-5A67804B9421}.Debug|Any CPU.Build.0 = Debug|Any CPU
		{A52A213B-A1F3-4034-BEEE-5A67804B9421}.Release|Any CPU.ActiveCfg = Release|Any CPU
		{A52A213B-A1F3-4034-BEEE-5A67804B9421}.Release|Any CPU.Build.0 = Release|Any CPU
		{52E095C0-995A-4B37-836F-8FCA83BB4CD6}.Debug|Any CPU.ActiveCfg = Debug|Any CPU
		{52E095C0-995A-4B37-836F-8FCA83BB4CD6}.Debug|Any CPU.Build.0 = Debug|Any CPU
		{52E095C0-995A-4B37-836F-8FCA83BB4CD6}.Release|Any CPU.ActiveCfg = Release|Any CPU
		{52E095C0-995A-4B37-836F-8FCA83BB4CD6}.Release|Any CPU.Build.0 = Release|Any CPU
		{8A99E38F-08F7-45BA-A00C-FEDF6600B440}.Debug|Any CPU.ActiveCfg = Debug|Any CPU
		{8A99E38F-08F7-45BA-A00C-FEDF6600B440}.Debug|Any CPU.Build.0 = Debug|Any CPU
		{8A99E38F-08F7-45BA-A00C-FEDF6600B440}.Release|Any CPU.ActiveCfg = Release|Any CPU
		{8A99E38F-08F7-45BA-A00C-FEDF6600B440}.Release|Any CPU.Build.0 = Release|Any CPU
		{4D8E6E69-71A5-4C67-953F-9D92E7C17C7F}.Debug|Any CPU.ActiveCfg = Debug|Any CPU
		{4D8E6E69-71A5-4C67-953F-9D92E7C17C7F}.Debug|Any CPU.Build.0 = Debug|Any CPU
		{4D8E6E69-71A5-4C67-953F-9D92E7C17C7F}.Release|Any CPU.ActiveCfg = Release|Any CPU
		{4D8E6E69-71A5-4C67-953F-9D92E7C17C7F}.Release|Any CPU.Build.0 = Release|Any CPU
		{032A6DC8-5ED8-4D8D-B1AC-7059A8E4A926}.Debug|Any CPU.ActiveCfg = Debug|Any CPU
		{032A6DC8-5ED8-4D8D-B1AC-7059A8E4A926}.Debug|Any CPU.Build.0 = Debug|Any CPU
		{032A6DC8-5ED8-4D8D-B1AC-7059A8E4A926}.Release|Any CPU.ActiveCfg = Release|Any CPU
		{032A6DC8-5ED8-4D8D-B1AC-7059A8E4A926}.Release|Any CPU.Build.0 = Release|Any CPU
		{D325B234-8816-4421-BDCB-27C42701CCF8}.Debug|Any CPU.ActiveCfg = Debug|Any CPU
		{D325B234-8816-4421-BDCB-27C42701CCF8}.Debug|Any CPU.Build.0 = Debug|Any CPU
		{D325B234-8816-4421-BDCB-27C42701CCF8}.Release|Any CPU.ActiveCfg = Release|Any CPU
		{D325B234-8816-4421-BDCB-27C42701CCF8}.Release|Any CPU.Build.0 = Release|Any CPU
		{8EFB6B62-B364-4BE1-A552-BDA689CA5325}.Debug|Any CPU.ActiveCfg = Debug|Any CPU
		{8EFB6B62-B364-4BE1-A552-BDA689CA5325}.Debug|Any CPU.Build.0 = Debug|Any CPU
		{8EFB6B62-B364-4BE1-A552-BDA689CA5325}.Release|Any CPU.ActiveCfg = Release|Any CPU
		{8EFB6B62-B364-4BE1-A552-BDA689CA5325}.Release|Any CPU.Build.0 = Release|Any CPU
		{6E79071B-482F-4B84-9E4B-867BDF089512}.Debug|Any CPU.ActiveCfg = Debug|Any CPU
		{6E79071B-482F-4B84-9E4B-867BDF089512}.Debug|Any CPU.Build.0 = Debug|Any CPU
		{6E79071B-482F-4B84-9E4B-867BDF089512}.Release|Any CPU.ActiveCfg = Release|Any CPU
		{6E79071B-482F-4B84-9E4B-867BDF089512}.Release|Any CPU.Build.0 = Release|Any CPU
		{EA2DB663-18A0-4E4E-8F9E-462202530A38}.Debug|Any CPU.ActiveCfg = Debug|Any CPU
		{EA2DB663-18A0-4E4E-8F9E-462202530A38}.Debug|Any CPU.Build.0 = Debug|Any CPU
		{EA2DB663-18A0-4E4E-8F9E-462202530A38}.Release|Any CPU.ActiveCfg = Release|Any CPU
		{EA2DB663-18A0-4E4E-8F9E-462202530A38}.Release|Any CPU.Build.0 = Release|Any CPU
		{15E70543-97FC-412F-ABA7-D8D2B30AC2BF}.Debug|Any CPU.ActiveCfg = Debug|Any CPU
		{15E70543-97FC-412F-ABA7-D8D2B30AC2BF}.Debug|Any CPU.Build.0 = Debug|Any CPU
		{15E70543-97FC-412F-ABA7-D8D2B30AC2BF}.Release|Any CPU.ActiveCfg = Release|Any CPU
		{15E70543-97FC-412F-ABA7-D8D2B30AC2BF}.Release|Any CPU.Build.0 = Release|Any CPU
		{DC3DDEF7-678A-4751-9277-FD36F679C0BC}.Debug|Any CPU.ActiveCfg = Debug|Any CPU
		{DC3DDEF7-678A-4751-9277-FD36F679C0BC}.Debug|Any CPU.Build.0 = Debug|Any CPU
		{DC3DDEF7-678A-4751-9277-FD36F679C0BC}.Release|Any CPU.ActiveCfg = Release|Any CPU
		{DC3DDEF7-678A-4751-9277-FD36F679C0BC}.Release|Any CPU.Build.0 = Release|Any CPU
		{0535E328-B36C-41E8-B9B3-685540AC014F}.Debug|Any CPU.ActiveCfg = Debug|Any CPU
		{0535E328-B36C-41E8-B9B3-685540AC014F}.Debug|Any CPU.Build.0 = Debug|Any CPU
		{0535E328-B36C-41E8-B9B3-685540AC014F}.Release|Any CPU.ActiveCfg = Release|Any CPU
		{0535E328-B36C-41E8-B9B3-685540AC014F}.Release|Any CPU.Build.0 = Release|Any CPU
		{3746E531-F037-4D11-8894-4E692FD2BC9C}.Debug|Any CPU.ActiveCfg = Debug|Any CPU
		{3746E531-F037-4D11-8894-4E692FD2BC9C}.Debug|Any CPU.Build.0 = Debug|Any CPU
		{3746E531-F037-4D11-8894-4E692FD2BC9C}.Release|Any CPU.ActiveCfg = Release|Any CPU
		{3746E531-F037-4D11-8894-4E692FD2BC9C}.Release|Any CPU.Build.0 = Release|Any CPU
		{706F5A21-6C39-4652-9296-9B2C5E79DD3F}.Debug|Any CPU.ActiveCfg = Debug|Any CPU
		{706F5A21-6C39-4652-9296-9B2C5E79DD3F}.Debug|Any CPU.Build.0 = Debug|Any CPU
		{706F5A21-6C39-4652-9296-9B2C5E79DD3F}.Release|Any CPU.ActiveCfg = Release|Any CPU
		{706F5A21-6C39-4652-9296-9B2C5E79DD3F}.Release|Any CPU.Build.0 = Release|Any CPU
		{A4F8ECA5-2304-4371-A6F7-5FCAB9DDA560}.Debug|Any CPU.ActiveCfg = Debug|Any CPU
		{A4F8ECA5-2304-4371-A6F7-5FCAB9DDA560}.Debug|Any CPU.Build.0 = Debug|Any CPU
		{A4F8ECA5-2304-4371-A6F7-5FCAB9DDA560}.Release|Any CPU.ActiveCfg = Release|Any CPU
		{A4F8ECA5-2304-4371-A6F7-5FCAB9DDA560}.Release|Any CPU.Build.0 = Release|Any CPU
		{8CFDFEB7-96EC-4AE4-8AA3-8A01B85661A4}.Debug|Any CPU.ActiveCfg = Debug|Any CPU
		{8CFDFEB7-96EC-4AE4-8AA3-8A01B85661A4}.Debug|Any CPU.Build.0 = Debug|Any CPU
		{8CFDFEB7-96EC-4AE4-8AA3-8A01B85661A4}.Release|Any CPU.ActiveCfg = Release|Any CPU
		{8CFDFEB7-96EC-4AE4-8AA3-8A01B85661A4}.Release|Any CPU.Build.0 = Release|Any CPU
		{67C54ECB-5926-4153-8A3E-858790FCE067}.Debug|Any CPU.ActiveCfg = Debug|Any CPU
		{67C54ECB-5926-4153-8A3E-858790FCE067}.Debug|Any CPU.Build.0 = Debug|Any CPU
		{67C54ECB-5926-4153-8A3E-858790FCE067}.Release|Any CPU.ActiveCfg = Release|Any CPU
		{67C54ECB-5926-4153-8A3E-858790FCE067}.Release|Any CPU.Build.0 = Release|Any CPU
	EndGlobalSection
	GlobalSection(SolutionProperties) = preSolution
		HideSolutionNode = FALSE
	EndGlobalSection
	GlobalSection(NestedProjects) = preSolution
		{C8895923-2C8A-4729-B501-420D892A5F9C} = {02EA681E-C7D8-13C7-8484-4AC65E1B71E8}
		{1E2FEEA9-1231-4012-881F-920BDFBB9A29} = {02EA681E-C7D8-13C7-8484-4AC65E1B71E8}
		{BB4A5A01-B8DD-4F29-8796-75D7B7680DF9} = {02EA681E-C7D8-13C7-8484-4AC65E1B71E8}
		{186F26CE-3305-4B70-918F-7C4EFCD36D7C} = {3E5BA859-7125-4D94-889E-4B9396B52C96}
		{D719A993-3EC8-4245-9AA0-32D4C688D5EF} = {3E5BA859-7125-4D94-889E-4B9396B52C96}
		{06A725CB-30E7-44F5-87A0-E963E648D5A5} = {3E5BA859-7125-4D94-889E-4B9396B52C96}
		{1037FC10-8518-41B9-A30D-BBD518372C5E} = {DB9CFE0D-17F4-4FE8-A75A-798C69328460}
		{A52A213B-A1F3-4034-BEEE-5A67804B9421} = {DB9CFE0D-17F4-4FE8-A75A-798C69328460}
		{52E095C0-995A-4B37-836F-8FCA83BB4CD6} = {DB9CFE0D-17F4-4FE8-A75A-798C69328460}
		{8A99E38F-08F7-45BA-A00C-FEDF6600B440} = {208270E1-E435-4B4B-A459-29CE349740CD}
		{4D8E6E69-71A5-4C67-953F-9D92E7C17C7F} = {208270E1-E435-4B4B-A459-29CE349740CD}
		{032A6DC8-5ED8-4D8D-B1AC-7059A8E4A926} = {208270E1-E435-4B4B-A459-29CE349740CD}
		{D325B234-8816-4421-BDCB-27C42701CCF8} = {7828F074-8BA2-4FD6-A558-FB08B69F300B}
		{8EFB6B62-B364-4BE1-A552-BDA689CA5325} = {7828F074-8BA2-4FD6-A558-FB08B69F300B}
		{6E79071B-482F-4B84-9E4B-867BDF089512} = {7828F074-8BA2-4FD6-A558-FB08B69F300B}
		{EA2DB663-18A0-4E4E-8F9E-462202530A38} = {DEB1CB88-579E-4B80-875D-08EEBCCC326F}
		{15E70543-97FC-412F-ABA7-D8D2B30AC2BF} = {DEB1CB88-579E-4B80-875D-08EEBCCC326F}
		{DC3DDEF7-678A-4751-9277-FD36F679C0BC} = {DEB1CB88-579E-4B80-875D-08EEBCCC326F}
		{0535E328-B36C-41E8-B9B3-685540AC014F} = {05A8EA81-7F6B-4D93-B069-DFF111874044}
		{3746E531-F037-4D11-8894-4E692FD2BC9C} = {05A8EA81-7F6B-4D93-B069-DFF111874044}
		{706F5A21-6C39-4652-9296-9B2C5E79DD3F} = {05A8EA81-7F6B-4D93-B069-DFF111874044}
		{A4F8ECA5-2304-4371-A6F7-5FCAB9DDA560} = {D30D981F-BD12-428A-A940-29ECDD29AD0B}
		{8CFDFEB7-96EC-4AE4-8AA3-8A01B85661A4} = {D30D981F-BD12-428A-A940-29ECDD29AD0B}
		{67C54ECB-5926-4153-8A3E-858790FCE067} = {D30D981F-BD12-428A-A940-29ECDD29AD0B}
	EndGlobalSection
	GlobalSection(ExtensibilityGlobals) = postSolution
		SolutionGuid = {0B27D1CD-32D3-4466-AE01-F549712C3EF3}
	EndGlobalSection
EndGlobal
