
Microsoft Visual Studio Solution File, Format Version 12.00
# Visual Studio Version 17
VisualStudioVersion = 17.14.36717.8
MinimumVisualStudioVersion = 10.0.40219.1
Project("{2150E333-8FDC-42A3-9474-1A3956D46DE8}") = "Task0", "Task0", "{02EA681E-C7D8-13C7-8484-4AC65E1B71E8}"
EndProject
Project("{FAE04EC0-301F-11D3-BF4B-00C04F79EFBC}") = "Tyuiu.SherenkovIR.Sprint6.Task0.V16.Lib", "Tyuiu.SherenkovIR.Sprint6.Task0.V16.Lib\Tyuiu.SherenkovIR.Sprint6.Task0.V16.Lib.csproj", "{C8895923-2C8A-4729-B501-420D892A5F9C}"
EndProject
Project("{FAE04EC0-301F-11D3-BF4B-00C04F79EFBC}") = "Tyuiu.SherenkovIR.Sprint6.Task0.V16.Test", "Tyuiu.SherenkovIR.Sprint6.Task0.V16.Test\Tyuiu.SherenkovIR.Sprint6.Task0.V16.Test.csproj", "{1E2FEEA9-1231-4012-881F-920BDFBB9A29}"
EndProject
Project("{FAE04EC0-301F-11D3-BF4B-00C04F79EFBC}") = "Tyuiu.SherenkovIR.Sprint6.Task0.V16", "Tyuiu.SherenkovIR.Sprint6.Task0.V16\Tyuiu.SherenkovIR.Sprint6.Task0.V16.csproj", "{BB4A5A01-B8DD-4F29-8796-75D7B7680DF9}"
EndProject
Project("{2150E333-8FDC-42A3-9474-1A3956D46DE8}") = "Task1", "Task1", "{3E5BA859-7125-4D94-889E-4B9396B52C96}"
EndProject
Project("{FAE04EC0-301F-11D3-BF4B-00C04F79EFBC}") = "Tyuiu.SherenkovIR.Sprint6.Task1.V3.Test", "Tyuiu.SherenkovIR.Sprint6.Task1.V3.Test\Tyuiu.SherenkovIR.Sprint6.Task1.V3.Test.csproj", "{186F26CE-3305-4B70-918F-7C4EFCD36D7C}"
EndProject
Project("{FAE04EC0-301F-11D3-BF4B-00C04F79EFBC}") = "Tyuiu.SherenkovIR.Sprint6.Task1.V3.Lib", "Tyuiu.SherenkovIR.Sprint6.Task1.V3.Lib\Tyuiu.SherenkovIR.Sprint6.Task1.V3.Lib.csproj", "{D719A993-3EC8-4245-9AA0-32D4C688D5EF}"
EndProject
Project("{FAE04EC0-301F-11D3-BF4B-00C04F79EFBC}") = "Tyuiu.SherenkovIR.Sprint6.Task1.V3", "Tyuiu.SherenkovIR.Sprint6.Task1.V3\Tyuiu.SherenkovIR.Sprint6.Task1.V3.csproj", "{06A725CB-30E7-44F5-87A0-E963E648D5A5}"
EndProject
Project("{2150E333-8FDC-42A3-9474-1A3956D46DE8}") = "Task2", "Task2", "{DB9CFE0D-17F4-4FE8-A75A-798C69328460}"
EndProject
Project("{FAE04EC0-301F-11D3-BF4B-00C04F79EFBC}") = "Tyuiu.SherenkovIR.Sprint6.Task2.V6", "Tyuiu.SherenkovIR.Sprint6.Task2.V6\Tyuiu.SherenkovIR.Sprint6.Task2.V6.csproj", "{1037FC10-8518-41B9-A30D-BBD518372C5E}"
EndProject
Project("{FAE04EC0-301F-11D3-BF4B-00C04F79EFBC}") = "Tyuiu.SherenkovIR.Sprint6.Task2.V6.Lib", "Tyuiu.SherenkovIR.Sprint6.Task2.V6.Lib\Tyuiu.SherenkovIR.Sprint6.Task2.V6.Lib.csproj", "{A52A213B-A1F3-4034-BEEE-5A67804B9421}"
EndProject
Project("{FAE04EC0-301F-11D3-BF4B-00C04F79EFBC}") = "Tyuiu.SherenkovIR.Sprint6.Task2.V6.Test", "Tyuiu.SherenkovIR.Sprint6.Task2.V6.Test\Tyuiu.SherenkovIR.Sprint6.Task2.V6.Test.csproj", "{52E095C0-995A-4B37-836F-8FCA83BB4CD6}"
EndProject
Global
	GlobalSection(SolutionConfigurationPlatforms) = preSolution
		Debug|Any CPU = Debug|Any CPU
		Release|Any CPU = Release|Any CPU
	EndGlobalSection
	GlobalSection(ProjectConfigurationPlatforms) = postSolution
		{C8895923-2C8A-4729-B501-420D892A5F9C}.Debug|Any CPU.ActiveCfg = Debug|Any CPU
		{C8895923-2C8A-4729-B501-420D892A5F9C}.Debug|Any CPU.Build.0 = Debug|Any CPU
		{C8895923-2C8A-4729-B501-420D892A5F9C}.Release|Any CPU.ActiveCfg = Release|Any CPU
		{C8895923-2C8A-4729-B501-420D892A5F9C}.Release|Any CPU.Build.0 = Release|Any CPU
		{1E2FEEA9-1231-4012-881F-920BDFBB9A29}.Debug|Any CPU.ActiveCfg = Debug|Any CPU
		{1E2FEEA9-1231-4012-881F-920BDFBB9A29}.Debug|Any CPU.Build.0 = Debug|Any CPU
		{1E2FEEA9-1231-4012-881F-920BDFBB9A29}.Release|Any CPU.ActiveCfg = Release|Any CPU
		{1E2FEEA9-1231-4012-881F-920BDFBB9A29}.Release|Any CPU.Build.0 = Release|Any CPU
		{BB4A5A01-B8DD-4F29-8796-75D7B7680DF9}.Debug|Any CPU.ActiveCfg = Debug|Any CPU
		{BB4A5A01-B8DD-4F29-8796-75D7B7680DF9}.Debug|Any CPU.Build.0 = Debug|Any CPU
		{BB4A5A01-B8DD-4F29-8796-75D7B7680DF9}.Release|Any CPU.ActiveCfg = Release|Any CPU
		{BB4A5A01-B8DD-4F29-8796-75D7B7680DF9}.Release|Any CPU.Build.0 = Release|Any CPU
		{186F26CE-3305-4B70-918F-7C4EFCD36D7C}.Debug|Any CPU.ActiveCfg = Debug|Any CPU
		{186F26CE-3305-4B70-918F-7C4EFCD36D7C}.Debug|Any CPU.Build.0 = Debug|Any CPU
		{186F26CE-3305-4B70-918F-7C4EFCD36D7C}.Release|Any CPU.ActiveCfg = Release|Any CPU
		{186F26CE-3305-4B70-918F-7C4EFCD36D7C}.Release|Any CPU.Build.0 = Release|Any CPU
		{D719A993-3EC8-4245-9AA0-32D4C688D5EF}.Debug|Any CPU.ActiveCfg = Debug|Any CPU
		{D719A993-3EC8-4245-9AA0-32D4C688D5EF}.Debug|Any CPU.Build.0 = Debug|Any CPU
		{D719A993-3EC8-4245-9AA0-32D4C688D5EF}.Release|Any CPU.ActiveCfg = Release|Any CPU
		{D719A993-3EC8-4245-9AA0-32D4C688D5EF}.Release|Any CPU.Build.0 = Release|Any CPU
		{06A725CB-30E7-44F5-87A0-E963E648D5A5}.Debug|Any CPU.ActiveCfg = Debug|Any CPU
		{06A725CB-30E7-44F5-87A0-E963E648D5A5}.Debug|Any CPU.Build.0 = Debug|Any CPU
		{06A725CB-30E7-44F5-87A0-E963E648D5A5}.Release|Any CPU.ActiveCfg = Release|Any CPU
		{06A725CB-30E7-44F5-87A0-E963E648D5A5}.Release|Any CPU.Build.0 = Release|Any CPU
		{1037FC10-8518-41B9-A30D-BBD518372C5E}.Debug|Any CPU.ActiveCfg = Debug|Any CPU
		{1037FC10-8518-41B9-A30D-BBD518372C5E}.Debug|Any CPU.Build.0 = Debug|Any CPU
		{1037FC10-8518-41B9-A30D-BBD518372C5E}.Release|Any CPU.ActiveCfg = Release|Any CPU
		{1037FC10-8518-41B9-A30D-BBD518372C5E}.Release|Any CPU.Build.0 = Release|Any CPU
		{A52A213B-A1F3-4034-BEEE-5A67804B9421}.Debug|Any CPU.ActiveCfg = Debug|Any CPU
		{A52A213B-A1F3-4034-BEEE-5A67804B9421}.Debug|Any CPU.Build.0 = Debug|Any CPU
		{A52A213B-A1F3-4034-BEEE-5A67804B9421}.Release|Any CPU.ActiveCfg = Release|Any CPU
		{A52A213B-A1F3-4034-BEEE-5A67804B9421}.Release|Any CPU.Build.0 = Release|Any CPU
		{52E095C0-995A-4B37-836F-8FCA83BB4CD6}.Debug|Any CPU.ActiveCfg = Debug|Any CPU
		{52E095C0-995A-4B37-836F-8FCA83BB4CD6}.Debug|Any CPU.Build.0 = Debug|Any CPU
		{52E095C0-995A-4B37-836F-8FCA83BB4CD6}.Release|Any CPU.ActiveCfg = Release|Any CPU
		{52E095C0-995A-4B37-836F-8FCA83BB4CD6}.Release|Any CPU.Build.0 = Release|Any CPU
	EndGlobalSection
	GlobalSection(SolutionProperties) = preSolution
		HideSolutionNode = FALSE
	EndGlobalSection
	GlobalSection(NestedProjects) = preSolution
		{C8895923-2C8A-4729-B501-420D892A5F9C} = {02EA681E-C7D8-13C7-8484-4AC65E1B71E8}
		{1E2FEEA9-1231-4012-881F-920BDFBB9A29} = {02EA681E-C7D8-13C7-8484-4AC65E1B71E8}
		{BB4A5A01-B8DD-4F29-8796-75D7B7680DF9} = {02EA681E-C7D8-13C7-8484-4AC65E1B71E8}
		{186F26CE-3305-4B70-918F-7C4EFCD36D7C} = {3E5BA859-7125-4D94-889E-4B9396B52C96}
		{D719A993-3EC8-4245-9AA0-32D4C688D5EF} = {3E5BA859-7125-4D94-889E-4B9396B52C96}
		{06A725CB-30E7-44F5-87A0-E963E648D5A5} = {3E5BA859-7125-4D94-889E-4B9396B52C96}
		{1037FC10-8518-41B9-A30D-BBD518372C5E} = {DB9CFE0D-17F4-4FE8-A75A-798C69328460}
		{A52A213B-A1F3-4034-BEEE-5A67804B9421} = {DB9CFE0D-17F4-4FE8-A75A-798C69328460}
		{52E095C0-995A-4B37-836F-8FCA83BB4CD6} = {DB9CFE0D-17F4-4FE8-A75A-798C69328460}
	EndGlobalSection
	GlobalSection(ExtensibilityGlobals) = postSolution
		SolutionGuid = {0B27D1CD-32D3-4466-AE01-F549712C3EF3}
	EndGlobalSection
EndGlobal
